
Microsoft Visual Studio Solution File, Format Version 12.00
# Visual Studio 15
VisualStudioVersion = 15.0.33403.129
MinimumVisualStudioVersion = 10.0.40219.1
Project("{159641D6-6404-4A2A-AE62-294DE0FE8301}") = "FIORELLA", "FIORELLA\FIORELLA.dtproj", "{60889EB0-6A4E-42B1-A988-30665806072A}"
EndProject
Global
	GlobalSection(SolutionConfigurationPlatforms) = preSolution
		Development|Default = Development|Default
	EndGlobalSection
	GlobalSection(ProjectConfigurationPlatforms) = postSolution
		{60889EB0-6A4E-42B1-A988-30665806072A}.Development|Default.ActiveCfg = Development
		{60889EB0-6A4E-42B1-A988-30665806072A}.Development|Default.Build.0 = Development
	EndGlobalSection
	GlobalSection(SolutionProperties) = preSolution
		HideSolutionNode = FALSE
	EndGlobalSection
	GlobalSection(ExtensibilityGlobals) = postSolution
		SolutionGuid = {30325720-B1A6-4E30-963D-57159A8EF9E6}
	EndGlobalSection
EndGlobal
